
Microsoft Visual Studio Solution File, Format Version 12.00
# Visual Studio Version 17
VisualStudioVersion = 17.4.33110.190
MinimumVisualStudioVersion = 10.0.40219.1
Project("{FAE04EC0-301F-11D3-BF4B-00C04F79EFBC}") = "FpSet3", "FpSet3\FpSet3.csproj", "{ACB54B5E-A6C5-4C1C-A33B-0270E22C85B6}"
EndProject
Global
	GlobalSection(SolutionConfigurationPlatforms) = preSolution
		Debug|Any CPU = Debug|Any CPU
		Release|Any CPU = Release|Any CPU
	EndGlobalSection
	GlobalSection(ProjectConfigurationPlatforms) = postSolution
		{ACB54B5E-A6C5-4C1C-A33B-0270E22C85B6}.Debug|Any CPU.ActiveCfg = Debug|Any CPU
		{ACB54B5E-A6C5-4C1C-A33B-0270E22C85B6}.Debug|Any CPU.Build.0 = Debug|Any CPU
		{ACB54B5E-A6C5-4C1C-A33B-0270E22C85B6}.Release|Any CPU.ActiveCfg = Release|Any CPU
		{ACB54B5E-A6C5-4C1C-A33B-0270E22C85B6}.Release|Any CPU.Build.0 = Release|Any CPU
	EndGlobalSection
	GlobalSection(SolutionProperties) = preSolution
		HideSolutionNode = FALSE
	EndGlobalSection
	GlobalSection(ExtensibilityGlobals) = postSolution
		SolutionGuid = {F8743393-85EB-4EF0-9A37-C45A93658C4C}
	EndGlobalSection
EndGlobal
